# This file is autogenerated, do not edit; changes may be undone by the next 'dep ensure'.


[[projects]]
  branch = "master"
  name = "github.com/hrntknr/cryptoconditions"
  packages = ["."]
  revision = "2b988ec5f367eb05e75643da33ecf389f2a4e8cf"

[[projects]]
  branch = "master"
  name = "github.com/kalaspuffar/base64url"
  packages = ["."]
  revision = "483af17b794cdb349d5edd9c18af1b7b0796da09"

[[projects]]
  name = "github.com/pkg/errors"
  packages = ["."]
  revision = "645ef00459ed84a119197bfb8d8205042c6df63d"
  version = "v0.8.0"

[[projects]]
  branch = "master"
  name = "github.com/stevenroose/asn1"
  packages = ["."]
  revision = "a0d410e3f79f73f438bca304edad16bb28da5902"

[[projects]]
  branch = "master"
  name = "golang.org/x/crypto"
  packages = [
    "ed25519",
    "ed25519/internal/edwards25519",
    "sha3"
  ]
  revision = "8ac0e0d97ce45cd83d1d7243c060cb8461dda5e9"

[solve-meta]
  analyzer-name = "dep"
  analyzer-version = 1
  inputs-digest = "b3c8a91da5f608982420848f855bb6917c3962ece8219471ceb7bfb58e58a0c6"
  solver-name = "gps-cdcl"
  solver-version = 1
